hash: 92fd7882e65001ff78f25ad7374f4f811895e383c79709c3ce7d0c73d75e372d
updated: 2017-02-01T20:17:27.234431276-08:00
imports:
- name: github.com/dgrijalva/jwt-go
  version: 2268707a8f0843315e2004ee4f1d021dc08baedf
- name: github.com/fsnotify/fsnotify
  version: a904159b9206978bb6d53fcc7a769e5cd726c737
- name: github.com/golang/protobuf
  version: 8ee79997227bf9b34611aee7946ae64735e6fd93
  subpackages:
  - proto
- name: github.com/labstack/cubex
  version: 7e769a17d3d17e9436c1b39ff972c9cd1409c8ce
  subpackages:
  - middleware/go/cube
- name: github.com/labstack/echo
  version: c7c4395fbdf085a1d76443e2b66dc94aeba7947c
  subpackages:
  - middleware
- name: github.com/labstack/gommon
  version: f72d3c883f8ea180da8f085dd320804c41332ad1
  subpackages:
  - bytes
  - color
  - log
  - random
- name: github.com/mattn/go-colorable
  version: d228849504861217f796da67fae4f6e347643f15
- name: github.com/mattn/go-isatty
  version: 30a891c33c7cde7b02a981314b4228ec99380cca
- name: github.com/mitchellh/go-homedir
  version: b8bc1bf767474819792c23f32d8286a45736f1c6
- name: github.com/mitchellh/mapstructure
  version: db1efb556f84b25a0a13a04aad883943538ad2e0
- name: github.com/mssola/user_agent
  version: 07efe2b857fb8c02d2dd85c12d0145f58554ec7c
- name: github.com/valyala/bytebufferpool
  version: e746df99fe4a3986f4d4f79e13c1e0117ce9c2f7
- name: github.com/valyala/fasttemplate
  version: d090d65668a286d9a180d43a19dfdc5dcad8fe88
- name: golang.org/x/crypto
  version: dc137beb6cce2043eb6b5f223ab8bf51c32459f4
  subpackages:
  - acme
  - acme/autocert
- name: golang.org/x/net
  version: 007e530097ad7f954752df63046b4036f98ba6a6
  subpackages:
  - context
  - context/ctxhttp
  - websocket
- name: golang.org/x/sys
  version: 7a6e5648d140666db5d920909e082ca00a87ba2c
  subpackages:
  - unix
testImports:
- name: github.com/davecgh/go-spew
  version: 6d212800a42e8ab5c146b8ace3490ee17e5225f9
  subpackages:
  - spew
- name: github.com/pmezard/go-difflib
  version: d8ed2627bdf02c080bf22230dbb337003b7aba2d
  subpackages:
  - difflib
- name: github.com/stretchr/testify
  version: 69483b4bd14f5845b5a1e55bca19e954e827f1d0
  subpackages:
  - assert
