hash: 05cbf0db3fede52bfdb03ebe2eb7b1661c572e578bb1e6317fd2124664e31194
updated: 2016-10-01T21:10:23.663052058-07:00
imports:
- name: github.com/dgrijalva/jwt-go
  version: 24c63f56522a87ec5339cc3567883f1039378fdb
- name: github.com/fsnotify/fsnotify
  version: 55579be41eb3989c68f4ade2461b8fef2abaa18c
- name: github.com/golang/protobuf
  version: df1d3ca07d2d07bba352d5b73c4313b4e2a6203e
  subpackages:
  - proto
- name: github.com/labstack/echo
  version: 9c864319d321db96e2cb82f3140e18be4467261b
  subpackages:
  - context
  - middleware
- name: github.com/labstack/gommon
  version: f3b1a1b3bd4726161e1200863d278df7da5e66ff
  subpackages:
  - bytes
  - color
  - log
  - random
- name: github.com/mattn/go-colorable
  version: 6c903ff4aa50920ca86087a280590b36b3152b9c
- name: github.com/mattn/go-isatty
  version: 66b8e73f3f5cda9f96b69efd03dd3d7fc4a5cdb8
- name: github.com/miekg/dns
  version: db96a2b759cdef4f11a34506a42eb8d1290c598e
- name: github.com/mitchellh/mapstructure
  version: ca63d7c062ee3c9f34db231e352b60012b4fd0c1
- name: github.com/nats-io/nats
  version: 904e847fa3d16dff97348235a81fc744afa71acf
  subpackages:
  - encoders/builtin
- name: github.com/nats-io/nuid
  version: 289cccf02c178dc782430d534e3c1f5b72af807f
- name: github.com/rsc/letsencrypt
  version: 76104d26167d38b6a0010f42bfc8ec5487742e8b
- name: github.com/tylerb/graceful
  version: 50a48b6e73fcc75b45e22c05b79629a67c79e938
- name: github.com/valyala/fasttemplate
  version: 3b874956e03f1636d171bda64b130f9135f42cff
- name: github.com/xenolf/lego
  version: f3cd0bfdeebbf2fff1893beafc156f979c3c1e41
  subpackages:
  - acme
- name: golang.org/x/crypto
  version: 568507f56e5b05b3c219ffd7fba12655c07bcc86
  subpackages:
  - ocsp
- name: golang.org/x/net
  version: cd95c68ba21fc7ee16ee38cc420473e3d8c4afd8
  subpackages:
  - context
  - publicsuffix
  - websocket
- name: golang.org/x/sys
  version: 8f0908ab3b2457e2e15403d3697c9ef5cb4b57a9
  subpackages:
  - unix
- name: golang.org/x/time
  version: 711ca1cb87636abec28122ef3bc6a77269d433f3
  subpackages:
  - rate
- name: gopkg.in/square/go-jose.v1
  version: aa2e30fdd1fe9dd3394119af66451ae790d50e0d
  subpackages:
  - cipher
  - json
testImports: []
