# This file is autogenerated, do not edit; changes may be undone by the next 'dep ensure'.


[[projects]]
  name = "github.com/Knetic/govaluate"
  packages = ["."]
  revision = "d216395917cc49052c7c7094cf57f09657ca08a8"
  version = "v3.0.0"

[[projects]]
  branch = "master"
  name = "github.com/armon/go-metrics"
  packages = ["."]
  revision = "7aa49fde808223f8dadfdbfd3a20ff6c19e5f9ec"

[[projects]]
  name = "github.com/davecgh/go-spew"
  packages = ["spew"]
  revision = "346938d642f2ec3594ed81d874461961cd0faa76"
  version = "v1.1.0"

[[projects]]
  name = "github.com/dgrijalva/jwt-go"
  packages = ["."]
  revision = "dbeaa9332f19a944acb5736b4456cfcc02140e29"
  version = "v3.1.0"

[[projects]]
  branch = "v2"
  name = "github.com/go-yaml/yaml"
  packages = ["."]
  revision = "d670f9405373e636a5a2765eea47fac0c9bc91a4"

[[projects]]
  branch = "master"
  name = "github.com/golang/protobuf"
  packages = ["proto"]
  revision = "925541529c1fa6821df4e44ce2723319eb2be768"

[[projects]]
  branch = "master"
  name = "github.com/hashicorp/errwrap"
  packages = ["."]
  revision = "7554cd9344cec97297fa6649b055a8c98c2a1e55"

[[projects]]
  branch = "master"
  name = "github.com/hashicorp/go-immutable-radix"
  packages = ["."]
  revision = "59b67882ec612f43b9d4c4fd97cebd507be4b3ee"

[[projects]]
  branch = "master"
  name = "github.com/hashicorp/go-msgpack"
  packages = ["codec"]
  revision = "fa3f63826f7c23912c15263591e65d54d080b458"

[[projects]]
  branch = "master"
  name = "github.com/hashicorp/go-multierror"
  packages = ["."]
  revision = "b7773ae218740a7be65057fc60b366a49b538a44"

[[projects]]
  branch = "master"
  name = "github.com/hashicorp/go-sockaddr"
  packages = ["."]
  revision = "9b4c5fa5b10a683339a270d664474b9f4aee62fc"

[[projects]]
  branch = "master"
  name = "github.com/hashicorp/golang-lru"
  packages = ["simplelru"]
  revision = "0a025b7e63adc15a622f29b0b2c4c3848243bbf6"

[[projects]]
  branch = "master"
  name = "github.com/hashicorp/logutils"
  packages = ["."]
  revision = "0dc08b1671f34c4250ce212759ebd880f743d883"

[[projects]]
  name = "github.com/hashicorp/memberlist"
  packages = ["."]
  revision = "ce8abaa0c60c2d6bee7219f5ddf500e0a1457b28"
  version = "v0.1.0"

[[projects]]
  name = "github.com/hashicorp/serf"
  packages = ["coordinate","serf"]
  revision = "d6574a5bb1226678d7010325fb6c985db20ee458"
  version = "v0.8.1"

[[projects]]
  branch = "master"
  name = "github.com/jmoiron/sqlx"
  packages = [".","reflectx","types"]
  revision = "05cef0741ade10ca668982355b3f3f0bcf0ff0a8"

[[projects]]
  branch = "master"
  name = "github.com/labstack/echo"
  packages = [".","middleware"]
  revision = "40cae8377233b83d932ae780473a3fa701987c91"

[[projects]]
  name = "github.com/labstack/gommon"
  packages = ["bytes","color","log","random"]
  revision = "57409ada9da0f2afad6664c49502f8c50fbd8476"
  version = "0.2.3"

[[projects]]
  branch = "master"
  name = "github.com/lib/pq"
  packages = [".","oid"]
  revision = "19c8e9ad00952ce0c64489b60e8df88bb16dd514"

[[projects]]
  name = "github.com/mattn/go-colorable"
  packages = ["."]
  revision = "167de6bfdfba052fa6b2d3664c8f5272e23c9072"
  version = "v0.0.9"

[[projects]]
  name = "github.com/mattn/go-isatty"
  packages = ["."]
  revision = "0360b2af4f38e8d38c7fce2a9f4e702702d73a39"
  version = "v0.0.3"

[[projects]]
  name = "github.com/miekg/dns"
  packages = ["."]
  revision = "5364553f1ee9cddc7ac8b62dce148309c386695b"
  version = "v1.0.4"

[[projects]]
  branch = "master"
  name = "github.com/mitchellh/go-homedir"
  packages = ["."]
  revision = "b8bc1bf767474819792c23f32d8286a45736f1c6"

[[projects]]
  branch = "master"
  name = "github.com/mitchellh/mapstructure"
  packages = ["."]
  revision = "b4575eea38cca1123ec2dc90c26529b5c5acfcff"

[[projects]]
  name = "github.com/pmezard/go-difflib"
  packages = ["difflib"]
  revision = "792786c7400a136282c1664665ae0a8db921c6c2"
  version = "v1.0.0"

[[projects]]
  branch = "master"
  name = "github.com/sean-/seed"
  packages = ["."]
  revision = "e2103e2c35297fb7e17febb81e49b312087a2372"

[[projects]]
  name = "github.com/stretchr/testify"
  packages = ["assert"]
  revision = "b91bfb9ebec76498946beb6af7c0230c7cc7ba6c"
  version = "v1.2.0"

[[projects]]
  branch = "master"
  name = "github.com/valyala/bytebufferpool"
  packages = ["."]
  revision = "e746df99fe4a3986f4d4f79e13c1e0117ce9c2f7"

[[projects]]
  branch = "master"
  name = "github.com/valyala/fasttemplate"
  packages = ["."]
  revision = "dcecefd839c4193db0d35b88ec65b4c12d360ab0"

[[projects]]
  branch = "master"
  name = "golang.org/x/crypto"
  packages = ["acme","acme/autocert","ed25519","ed25519/internal/edwards25519"]
  revision = "1875d0a70c90e57f11972aefd42276df65e895b9"

[[projects]]
  branch = "master"
  name = "golang.org/x/net"
  packages = ["bpf","internal/iana","internal/socket","ipv4","ipv6"]
  revision = "0ed95abb35c445290478a5348a7b38bb154135fd"

[[projects]]
  branch = "master"
  name = "golang.org/x/sys"
  packages = ["unix"]
  revision = "ff2a66f350cefa5c93a634eadb5d25bb60c85a9c"

[solve-meta]
  analyzer-name = "dep"
  analyzer-version = 1
  inputs-digest = "1d3d728eb897d9c846bf579506a7549369613327eabe367ea17afd154a741aac"
  solver-name = "gps-cdcl"
  solver-version = 1
